
Microsoft Visual Studio Solution File, Format Version 12.00
# Visual Studio Version 17
VisualStudioVersion = 17.11.35327.3
MinimumVisualStudioVersion = 10.0.40219.1
Project("{8BC9CEB8-8B4A-11D0-8D11-00A0C91BC942}") = "WinAPI", "WinAPI\WinAPI.vcxproj", "{4A08CBE7-CDE7-4D4F-8DDB-A5C4B217D54B}"
EndProject
Project("{8BC9CEB8-8B4A-11D0-8D11-00A0C91BC942}") = "ComboBox", "ComboBox\ComboBox.vcxproj", "{53EC95E2-CA10-4201-BED5-04FFDA305A7E}"
EndProject
Project("{8BC9CEB8-8B4A-11D0-8D11-00A0C91BC942}") = "ListBox", "ListBox\ListBox.vcxproj", "{F570B0CE-551C-4E4C-8684-6CB063BF3F22}"
EndProject
Project("{8BC9CEB8-8B4A-11D0-8D11-00A0C91BC942}") = "ListBox2", "ListBox2\ListBox2.vcxproj", "{EBF32569-3264-49FC-A8D5-A7C46EFBE31D}"
EndProject
Project("{8BC9CEB8-8B4A-11D0-8D11-00A0C91BC942}") = "MainWindow", "MainWindow\MainWindow.vcxproj", "{42C50E0B-6377-40FA-97F1-0D29104FF832}"
EndProject
Project("{8BC9CEB8-8B4A-11D0-8D11-00A0C91BC942}") = "Calc", "Calc\Calc.vcxproj", "{4CF58746-34E6-4C5B-93B2-24127CBF28AF}"
EndProject
Project("{8BC9CEB8-8B4A-11D0-8D11-00A0C91BC942}") = "Resource_Only_DLL", "Resource_Only_DLL\Resource_Only_DLL.vcxproj", "{EC165622-87A1-4A28-9F70-62C458D21DAA}"
EndProject
Project("{8BC9CEB8-8B4A-11D0-8D11-00A0C91BC942}") = "Font_only_DLL", "Font_only_DLL\Font_only_DLL.vcxproj", "{06EA1AB0-8380-4285-AB18-7C83DF7122E0}"
EndProject
Project("{54435603-DBB4-11D2-8724-00A0C9A8B90C}") = "Setup", "Setup\Setup.vdproj", "{EFB3CF93-741D-46CD-8EAA-3A1A4016DD4A}"
EndProject
Global
	GlobalSection(SolutionConfigurationPlatforms) = preSolution
		Debug|x64 = Debug|x64
		Debug|x86 = Debug|x86
		Release|x64 = Release|x64
		Release|x86 = Release|x86
	EndGlobalSection
	GlobalSection(ProjectConfigurationPlatforms) = postSolution
		{4A08CBE7-CDE7-4D4F-8DDB-A5C4B217D54B}.Debug|x64.ActiveCfg = Debug|x64
		{4A08CBE7-CDE7-4D4F-8DDB-A5C4B217D54B}.Debug|x64.Build.0 = Debug|x64
		{4A08CBE7-CDE7-4D4F-8DDB-A5C4B217D54B}.Debug|x86.ActiveCfg = Debug|Win32
		{4A08CBE7-CDE7-4D4F-8DDB-A5C4B217D54B}.Debug|x86.Build.0 = Debug|Win32
		{4A08CBE7-CDE7-4D4F-8DDB-A5C4B217D54B}.Release|x64.ActiveCfg = Release|x64
		{4A08CBE7-CDE7-4D4F-8DDB-A5C4B217D54B}.Release|x64.Build.0 = Release|x64
		{4A08CBE7-CDE7-4D4F-8DDB-A5C4B217D54B}.Release|x86.ActiveCfg = Release|Win32
		{4A08CBE7-CDE7-4D4F-8DDB-A5C4B217D54B}.Release|x86.Build.0 = Release|Win32
		{53EC95E2-CA10-4201-BED5-04FFDA305A7E}.Debug|x64.ActiveCfg = Debug|x64
		{53EC95E2-CA10-4201-BED5-04FFDA305A7E}.Debug|x64.Build.0 = Debug|x64
		{53EC95E2-CA10-4201-BED5-04FFDA305A7E}.Debug|x86.ActiveCfg = Debug|Win32
		{53EC95E2-CA10-4201-BED5-04FFDA305A7E}.Debug|x86.Build.0 = Debug|Win32
		{53EC95E2-CA10-4201-BED5-04FFDA305A7E}.Release|x64.ActiveCfg = Release|x64
		{53EC95E2-CA10-4201-BED5-04FFDA305A7E}.Release|x64.Build.0 = Release|x64
		{53EC95E2-CA10-4201-BED5-04FFDA305A7E}.Release|x86.ActiveCfg = Release|Win32
		{53EC95E2-CA10-4201-BED5-04FFDA305A7E}.Release|x86.Build.0 = Release|Win32
		{F570B0CE-551C-4E4C-8684-6CB063BF3F22}.Debug|x64.ActiveCfg = Debug|x64
		{F570B0CE-551C-4E4C-8684-6CB063BF3F22}.Debug|x64.Build.0 = Debug|x64
		{F570B0CE-551C-4E4C-8684-6CB063BF3F22}.Debug|x86.ActiveCfg = Debug|Win32
		{F570B0CE-551C-4E4C-8684-6CB063BF3F22}.Debug|x86.Build.0 = Debug|Win32
		{F570B0CE-551C-4E4C-8684-6CB063BF3F22}.Release|x64.ActiveCfg = Release|x64
		{F570B0CE-551C-4E4C-8684-6CB063BF3F22}.Release|x64.Build.0 = Release|x64
		{F570B0CE-551C-4E4C-8684-6CB063BF3F22}.Release|x86.ActiveCfg = Release|Win32
		{F570B0CE-551C-4E4C-8684-6CB063BF3F22}.Release|x86.Build.0 = Release|Win32
		{EBF32569-3264-49FC-A8D5-A7C46EFBE31D}.Debug|x64.ActiveCfg = Debug|x64
		{EBF32569-3264-49FC-A8D5-A7C46EFBE31D}.Debug|x64.Build.0 = Debug|x64
		{EBF32569-3264-49FC-A8D5-A7C46EFBE31D}.Debug|x86.ActiveCfg = Debug|Win32
		{EBF32569-3264-49FC-A8D5-A7C46EFBE31D}.Debug|x86.Build.0 = Debug|Win32
		{EBF32569-3264-49FC-A8D5-A7C46EFBE31D}.Release|x64.ActiveCfg = Release|x64
		{EBF32569-3264-49FC-A8D5-A7C46EFBE31D}.Release|x64.Build.0 = Release|x64
		{EBF32569-3264-49FC-A8D5-A7C46EFBE31D}.Release|x86.ActiveCfg = Release|Win32
		{EBF32569-3264-49FC-A8D5-A7C46EFBE31D}.Release|x86.Build.0 = Release|Win32
		{42C50E0B-6377-40FA-97F1-0D29104FF832}.Debug|x64.ActiveCfg = Debug|x64
		{42C50E0B-6377-40FA-97F1-0D29104FF832}.Debug|x64.Build.0 = Debug|x64
		{42C50E0B-6377-40FA-97F1-0D29104FF832}.Debug|x86.ActiveCfg = Debug|Win32
		{42C50E0B-6377-40FA-97F1-0D29104FF832}.Debug|x86.Build.0 = Debug|Win32
		{42C50E0B-6377-40FA-97F1-0D29104FF832}.Release|x64.ActiveCfg = Release|x64
		{42C50E0B-6377-40FA-97F1-0D29104FF832}.Release|x64.Build.0 = Release|x64
		{42C50E0B-6377-40FA-97F1-0D29104FF832}.Release|x86.ActiveCfg = Release|Win32
		{42C50E0B-6377-40FA-97F1-0D29104FF832}.Release|x86.Build.0 = Release|Win32
		{4CF58746-34E6-4C5B-93B2-24127CBF28AF}.Debug|x64.ActiveCfg = Debug|x64
		{4CF58746-34E6-4C5B-93B2-24127CBF28AF}.Debug|x64.Build.0 = Debug|x64
		{4CF58746-34E6-4C5B-93B2-24127CBF28AF}.Debug|x86.ActiveCfg = Debug|Win32
		{4CF58746-34E6-4C5B-93B2-24127CBF28AF}.Debug|x86.Build.0 = Debug|Win32
		{4CF58746-34E6-4C5B-93B2-24127CBF28AF}.Release|x64.ActiveCfg = Release|x64
		{4CF58746-34E6-4C5B-93B2-24127CBF28AF}.Release|x64.Build.0 = Release|x64
		{4CF58746-34E6-4C5B-93B2-24127CBF28AF}.Release|x86.ActiveCfg = Release|Win32
		{4CF58746-34E6-4C5B-93B2-24127CBF28AF}.Release|x86.Build.0 = Release|Win32
		{EC165622-87A1-4A28-9F70-62C458D21DAA}.Debug|x64.ActiveCfg = Debug|x64
		{EC165622-87A1-4A28-9F70-62C458D21DAA}.Debug|x64.Build.0 = Debug|x64
		{EC165622-87A1-4A28-9F70-62C458D21DAA}.Debug|x86.ActiveCfg = Debug|Win32
		{EC165622-87A1-4A28-9F70-62C458D21DAA}.Debug|x86.Build.0 = Debug|Win32
		{EC165622-87A1-4A28-9F70-62C458D21DAA}.Release|x64.ActiveCfg = Release|x64
		{EC165622-87A1-4A28-9F70-62C458D21DAA}.Release|x64.Build.0 = Release|x64
		{EC165622-87A1-4A28-9F70-62C458D21DAA}.Release|x86.ActiveCfg = Release|Win32
		{EC165622-87A1-4A28-9F70-62C458D21DAA}.Release|x86.Build.0 = Release|Win32
		{06EA1AB0-8380-4285-AB18-7C83DF7122E0}.Debug|x64.ActiveCfg = Debug|x64
		{06EA1AB0-8380-4285-AB18-7C83DF7122E0}.Debug|x64.Build.0 = Debug|x64
		{06EA1AB0-8380-4285-AB18-7C83DF7122E0}.Debug|x86.ActiveCfg = Debug|Win32
		{06EA1AB0-8380-4285-AB18-7C83DF7122E0}.Debug|x86.Build.0 = Debug|Win32
		{06EA1AB0-8380-4285-AB18-7C83DF7122E0}.Release|x64.ActiveCfg = Release|x64
		{06EA1AB0-8380-4285-AB18-7C83DF7122E0}.Release|x64.Build.0 = Release|x64
		{06EA1AB0-8380-4285-AB18-7C83DF7122E0}.Release|x86.ActiveCfg = Release|Win32
		{06EA1AB0-8380-4285-AB18-7C83DF7122E0}.Release|x86.Build.0 = Release|Win32
		{EFB3CF93-741D-46CD-8EAA-3A1A4016DD4A}.Debug|x64.ActiveCfg = Debug
		{EFB3CF93-741D-46CD-8EAA-3A1A4016DD4A}.Debug|x86.ActiveCfg = Debug
		{EFB3CF93-741D-46CD-8EAA-3A1A4016DD4A}.Release|x64.ActiveCfg = Release
		{EFB3CF93-741D-46CD-8EAA-3A1A4016DD4A}.Release|x86.ActiveCfg = Release
	EndGlobalSection
	GlobalSection(SolutionProperties) = preSolution
		HideSolutionNode = FALSE
	EndGlobalSection
	GlobalSection(ExtensibilityGlobals) = postSolution
		SolutionGuid = {5BE62F3D-1840-4519-BC69-865D4AC0C075}
	EndGlobalSection
EndGlobal
