<?xml version="1.0" encoding="utf-8"?>
<Project ToolsVersion="4.0" xmlns="http://schemas.microsoft.com/developer/msbuild/2003">
  <ItemGroup>
    <Filter Include="Source Files">
      <UniqueIdentifier>{4FC737F1-C7A5-4376-A066-2A32D752A2FF}</UniqueIdentifier>
      <Extensions>cpp;c;cc;cxx;c++;cppm;ixx;def;odl;idl;hpj;bat;asm;asmx</Extensions>
    </Filter>
    <Filter Include="Header Files">
      <UniqueIdentifier>{93995380-89BD-4b04-88EB-625FBE52EBFB}</UniqueIdentifier>
      <Extensions>h;hh;hpp;hxx;h++;hm;inl;inc;ipp;xsd</Extensions>
    </Filter>
    <Filter Include="Resource Files">
      <UniqueIdentifier>{67DA6AB6-F800-4c08-8B7A-83BB121AAD01}</UniqueIdentifier>
      <Extensions>rc;ico;cur;bmp;dlg;rc2;rct;bin;rgs;gif;jpg;jpeg;jpe;resx;tiff;tif;png;wav;mfcribbon-ms</Extensions>
    </Filter>
    <Filter Include="Resource Files\Skins">
      <UniqueIdentifier>{64f740c8-5c5e-48b7-a391-7577ce99f80d}</UniqueIdentifier>
    </Filter>
    <Filter Include="Resource Files\Skins\Square_blue">
      <UniqueIdentifier>{9f9937d3-c1ed-47f1-9ed9-793aa3c69ec8}</UniqueIdentifier>
    </Filter>
    <Filter Include="Resource Files\Skins\Metal_mistral">
      <UniqueIdentifier>{18642961-1073-45aa-a6e3-e3e0a594564f}</UniqueIdentifier>
    </Filter>
  </ItemGroup>
  <ItemGroup>
    <ClInclude Include="resource.h">
      <Filter>Header Files</Filter>
    </ClInclude>
  </ItemGroup>
  <ItemGroup>
    <ResourceCompile Include="Resource.rc">
      <Filter>Resource Files</Filter>
    </ResourceCompile>
  </ItemGroup>
  <ItemGroup>
    <Image Include="..\Calc\ButtonBMP\square_blue\button_0.bmp">
      <Filter>Resource Files\Skins\Square_blue</Filter>
    </Image>
    <Image Include="..\Calc\ButtonBMP\square_blue\button_0_raw.bmp">
      <Filter>Resource Files\Skins\Square_blue</Filter>
    </Image>
    <Image Include="..\Calc\ButtonBMP\square_blue\button_1.bmp">
      <Filter>Resource Files\Skins\Square_blue</Filter>
    </Image>
    <Image Include="..\Calc\ButtonBMP\square_blue\button_2.bmp">
      <Filter>Resource Files\Skins\Square_blue</Filter>
    </Image>
    <Image Include="..\Calc\ButtonBMP\square_blue\button_3.bmp">
      <Filter>Resource Files\Skins\Square_blue</Filter>
    </Image>
    <Image Include="..\Calc\ButtonBMP\square_blue\button_4.bmp">
      <Filter>Resource Files\Skins\Square_blue</Filter>
    </Image>
    <Image Include="..\Calc\ButtonBMP\square_blue\button_5.bmp">
      <Filter>Resource Files\Skins\Square_blue</Filter>
    </Image>
    <Image Include="..\Calc\ButtonBMP\square_blue\button_6.bmp">
      <Filter>Resource Files\Skins\Square_blue</Filter>
    </Image>
    <Image Include="..\Calc\ButtonBMP\square_blue\button_7.bmp">
      <Filter>Resource Files\Skins\Square_blue</Filter>
    </Image>
    <Image Include="..\Calc\ButtonBMP\square_blue\button_8.bmp">
      <Filter>Resource Files\Skins\Square_blue</Filter>
    </Image>
    <Image Include="..\Calc\ButtonBMP\square_blue\button_9.bmp">
      <Filter>Resource Files\Skins\Square_blue</Filter>
    </Image>
    <Image Include="..\Calc\ButtonBMP\square_blue\button_aster.bmp">
      <Filter>Resource Files\Skins\Square_blue</Filter>
    </Image>
    <Image Include="..\Calc\ButtonBMP\square_blue\button_bsp.bmp">
      <Filter>Resource Files\Skins\Square_blue</Filter>
    </Image>
    <Image Include="..\Calc\ButtonBMP\square_blue\button_clr.bmp">
      <Filter>Resource Files\Skins\Square_blue</Filter>
    </Image>
    <Image Include="..\Calc\ButtonBMP\square_blue\button_equal.bmp">
      <Filter>Resource Files\Skins\Square_blue</Filter>
    </Image>
    <Image Include="..\Calc\ButtonBMP\square_blue\button_minus.bmp">
      <Filter>Resource Files\Skins\Square_blue</Filter>
    </Image>
    <Image Include="..\Calc\ButtonBMP\square_blue\button_plus.bmp">
      <Filter>Resource Files\Skins\Square_blue</Filter>
    </Image>
    <Image Include="..\Calc\ButtonBMP\square_blue\button_point.bmp">
      <Filter>Resource Files\Skins\Square_blue</Filter>
    </Image>
    <Image Include="..\Calc\ButtonBMP\square_blue\button_slash.bmp">
      <Filter>Resource Files\Skins\Square_blue</Filter>
    </Image>
    <Image Include="..\Calc\ButtonBMP\metal_mistral\button_slash.bmp">
      <Filter>Resource Files\Skins\Metal_mistral</Filter>
    </Image>
    <Image Include="..\Calc\ButtonBMP\metal_mistral\button_0.bmp">
      <Filter>Resource Files\Skins\Metal_mistral</Filter>
    </Image>
    <Image Include="..\Calc\ButtonBMP\metal_mistral\button_1.bmp">
      <Filter>Resource Files\Skins\Metal_mistral</Filter>
    </Image>
    <Image Include="..\Calc\ButtonBMP\metal_mistral\button_2.bmp">
      <Filter>Resource Files\Skins\Metal_mistral</Filter>
    </Image>
    <Image Include="..\Calc\ButtonBMP\metal_mistral\button_3.bmp">
      <Filter>Resource Files\Skins\Metal_mistral</Filter>
    </Image>
    <Image Include="..\Calc\ButtonBMP\metal_mistral\button_4.bmp">
      <Filter>Resource Files\Skins\Metal_mistral</Filter>
    </Image>
    <Image Include="..\Calc\ButtonBMP\metal_mistral\button_5.bmp">
      <Filter>Resource Files\Skins\Metal_mistral</Filter>
    </Image>
    <Image Include="..\Calc\ButtonBMP\metal_mistral\button_6.bmp">
      <Filter>Resource Files\Skins\Metal_mistral</Filter>
    </Image>
    <Image Include="..\Calc\ButtonBMP\metal_mistral\button_7.bmp">
      <Filter>Resource Files\Skins\Metal_mistral</Filter>
    </Image>
    <Image Include="..\Calc\ButtonBMP\metal_mistral\button_8.bmp">
      <Filter>Resource Files\Skins\Metal_mistral</Filter>
    </Image>
    <Image Include="..\Calc\ButtonBMP\metal_mistral\button_9.bmp">
      <Filter>Resource Files\Skins\Metal_mistral</Filter>
    </Image>
    <Image Include="..\Calc\ButtonBMP\metal_mistral\button_aster.bmp">
      <Filter>Resource Files\Skins\Metal_mistral</Filter>
    </Image>
    <Image Include="..\Calc\ButtonBMP\metal_mistral\button_bsp.bmp">
      <Filter>Resource Files\Skins\Metal_mistral</Filter>
    </Image>
    <Image Include="..\Calc\ButtonBMP\metal_mistral\button_clr.bmp">
      <Filter>Resource Files\Skins\Metal_mistral</Filter>
    </Image>
    <Image Include="..\Calc\ButtonBMP\metal_mistral\button_equal.bmp">
      <Filter>Resource Files\Skins\Metal_mistral</Filter>
    </Image>
    <Image Include="..\Calc\ButtonBMP\metal_mistral\button_minus.bmp">
      <Filter>Resource Files\Skins\Metal_mistral</Filter>
    </Image>
    <Image Include="..\Calc\ButtonBMP\metal_mistral\button_plus.bmp">
      <Filter>Resource Files\Skins\Metal_mistral</Filter>
    </Image>
    <Image Include="..\Calc\ButtonBMP\metal_mistral\button_point.bmp">
      <Filter>Resource Files\Skins\Metal_mistral</Filter>
    </Image>
  </ItemGroup>
</Project>